// !$*UTF8*$!
{
	archiveVersion = 1;
	classes = {
	};
	objectVersion = 46;
	objects = {

/* Begin PBXBuildFile section */
		8EA71A2F1C3CEE79008F21BC /* main.cpp in Sources */ = {isa = PBXBuildFile; fileRef = 8EA71A2E1C3CEE79008F21BC /* main.cpp */; };
/* End PBXBuildFile section */

/* Begin PBXCopyFilesBuildPhase section */
		8EA71A291C3CEE79008F21BC /* CopyFiles */ = {
			isa = PBXCopyFilesBuildPhase;
			buildActionMask = 2147483647;
			dstPath = /usr/share/man/man1/;
			dstSubfolderSpec = 0;
			files = (
			);
			runOnlyForDeploymentPostprocessing = 1;
		};
/* End PBXCopyFilesBuildPhase section */

/* Begin PBXFileReference section */
		8EA71A2B1C3CEE79008F21BC /* Cpp001 */ = {isa = PBXFileReference; explicitFileType = "compiled.mach-o.executable"; includeInIndex = 0; path = Cpp001; sourceTree = BUILT_PRODUCTS_DIR; };
		8EA71A2E1C3CEE79008F21BC /* main.cpp */ = {isa = PBXFileReference; lastKnownFileType = sourcecode.cpp.cpp; path = main.cpp; sourceTree = "<group>"; };
		8EA71A351C3D00CC008F21BC /* Header.h */ = {isa = PBXFileReference; fileEncoding = 4; lastKnownFileType = sourcecode.c.h; path = Header.h; sourceTree = "<group>"; };
/* End PBXFileReference section */

/* Begin PBXFrameworksBuildPhase section */
		8EA71A281C3CEE79008F21BC /* Frameworks */ = {
			isa = PBXFrameworksBuildPhase;
			buildActionMask = 2147483647;
			files = (
			);
			runOnlyForDeploymentPostprocessing = 0;
		};
/* End PBXFrameworksBuildPhase section */

/* Begin PBXGroup section */
		8EA71A221C3CEE79008F21BC = {
			isa = PBXGroup;
			children = (
				8EA71A2D1C3CEE79008F21BC /* Cpp001 */,
				8EA71A2C1C3CEE79008F21BC /* Products */,
			);
			sourceTree = "<group>";
		};
		8EA71A2C1C3CEE79008F21BC /* Products */ = {
			isa = PBXGroup;
			children = (
				8EA71A2B1C3CEE79008F21BC /* Cpp001 */,
			);
			name = Products;
			sourceTree = "<group>";
		};
		8EA71A2D1C3CEE79008F21BC /* Cpp001 */ = {
			isa = PBXGroup;
			children = (
				8EA71A351C3D00CC008F21BC /* Header.h */,
				8EA71A2E1C3CEE79008F21BC /* main.cpp */,
			);
			path = Cpp001;
			sourceTree = "<group>";
		};
/* End PBXGroup section */

/* Begin PBXNativeTarget section */
		8EA71A2A1C3CEE79008F21BC /* Cpp001 */ = {
			isa = PBXNativeTarget;
			buildConfigurationList = 8EA71A321C3CEE79008F21BC /* Build configuration list for PBXNativeTarget "Cpp001" */;
			buildPhases = (
				8EA71A271C3CEE79008F21BC /* Sources */,
				8EA71A281C3CEE79008F21BC /* Frameworks */,
				8EA71A291C3CEE79008F21BC /* CopyFiles */,
			);
			buildRules = (
			);
			dependencies = (
			);
			name = Cpp001;
			productName = Cpp001;
			productReference = 8EA71A2B1C3CEE79008F21BC /* Cpp001 */;
			productType = "com.apple.product-type.tool";
		};
/* End PBXNativeTarget section */

/* Begin PBXProject section */
		8EA71A231C3CEE79008F21BC /* Project object */ = {
			isa = PBXProject;
			attributes = {
				LastUpgradeCheck = 0720;
				ORGANIZATIONNAME = QiuZidane;
				TargetAttributes = {
					8EA71A2A1C3CEE79008F21BC = {
						CreatedOnToolsVersion = 7.2;
					};
				};
			};
			buildConfigurationList = 8EA71A261C3CEE79008F21BC /* Build configuration list for PBXProject "Cpp001" */;
			compatibilityVersion = "Xcode 3.2";
			developmentRegion = English;
			hasScannedForEncodings = 0;
			knownRegions = (
				en,
			);
			mainGroup = 8EA71A221C3CEE79008F21BC;
			productRefGroup = 8EA71A2C1C3CEE79008F21BC /* Products */;
			projectDirPath = "";
			projectRoot = "";
			targets = (
				8EA71A2A1C3CEE79008F21BC /* Cpp001 */,
			);
		};
/* End PBXProject section */

/* Begin PBXSourcesBuildPhase section */
		8EA71A271C3CEE79008F21BC /* Sources */ = {
			isa = PBXSourcesBuildPhase;
			buildActionMask = 2147483647;
			files = (
				8EA71A2F1C3CEE79008F21BC /* main.cpp in Sources */,
			);
			runOnlyForDeploymentPostprocessing = 0;
		};
/* End PBXSourcesBuildPhase section */

/* Begin XCBuildConfiguration section */
		8EA71A301C3CEE79008F21BC /* Debug */ = {
			isa = XCBuildConfiguration;
			buildSettings = {
				ALWAYS_SEARCH_USER_PATHS = NO;
				CLANG_CXX_LANGUAGE_STANDARD = "gnu++0x";
				CLANG_CXX_LIBRARY = "libc++";
				CLANG_ENABLE_MODULES = YES;
				CLANG_ENABLE_OBJC_ARC = YES;
				CLANG_WARN_BOOL_CONVERSION = YES;
				CLANG_WARN_CONSTANT_CONVERSION = YES;
				CLANG_WARN_DIRECT_OBJC_ISA_USAGE = YES_ERROR;
				CLANG_WARN_EMPTY_BODY = YES;
				CLANG_WARN_ENUM_CONVERSION = YES;
				CLANG_WARN_INT_CONVERSION = YES;
				CLANG_WARN_OBJC_ROOT_CLASS = YES_ERROR;
				CLANG_WARN_UNREACHABLE_CODE = YES;
				CLANG_WARN__DUPLICATE_METHOD_MATCH = YES;
				CODE_SIGN_IDENTITY = "-";
				COPY_PHASE_STRIP = NO;
				DEBUG_INFORMATION_FORMAT = dwarf;
				ENABLE_STRICT_OBJC_MSGSEND = YES;
				ENABLE_TESTABILITY = YES;
				GCC_C_LANGUAGE_STANDARD = gnu99;
				GCC_DYNAMIC_NO_PIC = NO;
				GCC_NO_COMMON_BLOCKS = YES;
				GCC_OPTIMIZATION_LEVEL = 0;
				GCC_PREPROCESSOR_DEFINITIONS = (
					"DEBUG=1",
					"$(inherited)",
				);
				GCC_WARN_64_TO_32_BIT_CONVERSION = YES;
				GCC_WARN_ABOUT_RETURN_TYPE = YES_ERROR;
				GCC_WARN_UNDECLARED_SELECTOR = YES;
				GCC_WARN_UNINITIALIZED_AUTOS = YES_AGGRESSIVE;
				GCC_WARN_UNUSED_FUNCTION = YES;
				GCC_WARN_UNUSED_VARIABLE = YES;
				MACOSX_DEPLOYMENT_TARGET = 10.11;
				MTL_ENABLE_DEBUG_INFO = YES;
				ONLY_ACTIVE_ARCH = YES;
				SDKROOT = macosx;
			};
			name = Debug;
		};
		8EA71A311C3CEE79008F21BC /* Release */ = {
			isa = XCBuildConfiguration;
			buildSettings = {
				ALWAYS_SEARCH_USER_PATHS = NO;
				CLANG_CXX_LANGUAGE_STANDARD = "gnu++0x";
				CLANG_CXX_LIBRARY = "libc++";
				CLANG_ENABLE_MODULES = YES;
				CLANG_ENABLE_OBJC_ARC = YES;
				CLANG_WARN_BOOL_CONVERSION = YES;
				CLANG_WARN_CONSTANT_CONVERSION = YES;
				CLANG_WARN_DIRECT_OBJC_ISA_USAGE = YES_ERROR;
				CLANG_WARN_EMPTY_BODY = YES;
				CLANG_WARN_ENUM_CONVERSION = YES;
				CLANG_WARN_INT_CONVERSION = YES;
				CLANG_WARN_OBJC_ROOT_CLASS = YES_ERROR;
				CLANG_WARN_UNREACHABLE_CODE = YES;
				CLANG_WARN__DUPLICATE_METHOD_MATCH = YES;
				CODE_SIGN_IDENTITY = "-";
				COPY_PHASE_STRIP = NO;
				DEBUG_INFORMATION_FORMAT = "dwarf-with-dsym";
				ENABLE_NS_ASSERTIONS = NO;
				ENABLE_STRICT_OBJC_MSGSEND = YES;
				GCC_C_LANGUAGE_STANDARD = gnu99;
				GCC_NO_COMMON_BLOCKS = YES;
				GCC_WARN_64_TO_32_BIT_CONVERSION = YES;
				GCC_WARN_ABOUT_RETURN_TYPE = YES_ERROR;
				GCC_WARN_UNDECLARED_SELECTOR = YES;
				GCC_WARN_UNINITIALIZED_AUTOS = YES_AGGRESSIVE;
				GCC_WARN_UNUSED_FUNCTION = YES;
				GCC_WARN_UNUSED_VARIABLE = YES;
				MACOSX_DEPLOYMENT_TARGET = 10.11;
				MTL_ENABLE_DEBUG_INFO = NO;
				SDKROOT = macosx;
			};
			name = Release;
		};
		8EA71A331C3CEE79008F21BC /* Debug */ = {
			isa = XCBuildConfiguration;
			buildSettings = {
				PRODUCT_NAME = "$(TARGET_NAME)";
			};
			name = Debug;
		};
		8EA71A341C3CEE79008F21BC /* Release */ = {
			isa = XCBuildConfiguration;
			buildSettings = {
				PRODUCT_NAME = "$(TARGET_NAME)";
			};
			name = Release;
		};
/* End XCBuildConfiguration section */

/* Begin XCConfigurationList section */
		8EA71A261C3CEE79008F21BC /* Build configuration list for PBXProject "Cpp001" */ = {
			isa = XCConfigurationList;
			buildConfigurations = (
				8EA71A301C3CEE79008F21BC /* Debug */,
				8EA71A311C3CEE79008F21BC /* Release */,
			);
			defaultConfigurationIsVisible = 0;
			defaultConfigurationName = Release;
		};
		8EA71A321C3CEE79008F21BC /* Build configuration list for PBXNativeTarget "Cpp001" */ = {
			isa = XCConfigurationList;
			buildConfigurations = (
				8EA71A331C3CEE79008F21BC /* Debug */,
				8EA71A341C3CEE79008F21BC /* Release */,
			);
			defaultConfigurationIsVisible = 0;
		};
/* End XCConfigurationList section */
	};
	rootObject = 8EA71A231C3CEE79008F21BC /* Project object */;
}
